
Microsoft Visual Studio Solution File, Format Version 12.00
# Visual Studio Version 17
VisualStudioVersion = 17.11.35222.181
MinimumVisualStudioVersion = 10.0.40219.1
Project("{FAE04EC0-301F-11D3-BF4B-00C04F79EFBC}") = "DSA SuperMarket Management System", "DSA SuperMarket Management System.csproj", "{0A5530D8-B3AF-4DFE-B7EE-5F4442CAB100}"
EndProject
Global
	GlobalSection(SolutionConfigurationPlatforms) = preSolution
		Debug|Any CPU = Debug|Any CPU
		Release|Any CPU = Release|Any CPU
	EndGlobalSection
	GlobalSection(ProjectConfigurationPlatforms) = postSolution
		{0A5530D8-B3AF-4DFE-B7EE-5F4442CAB100}.Debug|Any CPU.ActiveCfg = Debug|Any CPU
		{0A5530D8-B3AF-4DFE-B7EE-5F4442CAB100}.Debug|Any CPU.Build.0 = Debug|Any CPU
		{0A5530D8-B3AF-4DFE-B7EE-5F4442CAB100}.Release|Any CPU.ActiveCfg = Release|Any CPU
		{0A5530D8-B3AF-4DFE-B7EE-5F4442CAB100}.Release|Any CPU.Build.0 = Release|Any CPU
	EndGlobalSection
	GlobalSection(SolutionProperties) = preSolution
		HideSolutionNode = FALSE
	EndGlobalSection
	GlobalSection(ExtensibilityGlobals) = postSolution
		SolutionGuid = {53B36F9B-F916-4C64-9CA4-35669D7C5B25}
	EndGlobalSection
EndGlobal
